Microsoft Visual Studio Solution File, Format Version 8.00
Project("{8BC9CEB8-8B4A-11D0-8D11-00A0C91BC942}") = "cdi2dvi", "cdi2dvi.vcproj", "{DD3F84B7-C0B1-4C55-827B-EF477CF18296}"
	ProjectSection(ProjectDependencies) = postProject
	EndProjectSection
EndProject
Global
	GlobalSection(SolutionConfiguration) = preSolution
		Debug = Debug
		Release = Release
	EndGlobalSection
	GlobalSection(ProjectConfiguration) = postSolution
		{DD3F84B7-C0B1-4C55-827B-EF477CF18296}.Debug.ActiveCfg = Debug|Win32
		{DD3F84B7-C0B1-4C55-827B-EF477CF18296}.Debug.Build.0 = Debug|Win32
		{DD3F84B7-C0B1-4C55-827B-EF477CF18296}.Release.ActiveCfg = Release|Win32
		{DD3F84B7-C0B1-4C55-827B-EF477CF18296}.Release.Build.0 = Release|Win32
	EndGlobalSection
	GlobalSection(ExtensibilityGlobals) = postSolution
	EndGlobalSection
	GlobalSection(ExtensibilityAddIns) = postSolution
	EndGlobalSection
EndGlobal
