Microsoft Visual Studio Solution File, Format Version 8.00
Project("{54435603-DBB4-11D2-8724-00A0C9A8B90C}") = "putexsetup", "putexsetup.vdproj", "{168B6269-DAC4-480D-88CA-6B0086CD2207}"
	ProjectSection(ProjectDependencies) = postProject
	EndProjectSection
EndProject
Global
	GlobalSection(SolutionConfiguration) = preSolution
		Debug = Debug
		Release = Release
	EndGlobalSection
	GlobalSection(ProjectConfiguration) = postSolution
		{168B6269-DAC4-480D-88CA-6B0086CD2207}.Debug.ActiveCfg = Debug
		{168B6269-DAC4-480D-88CA-6B0086CD2207}.Debug.Build.0 = Debug
		{168B6269-DAC4-480D-88CA-6B0086CD2207}.Release.ActiveCfg = Release
		{168B6269-DAC4-480D-88CA-6B0086CD2207}.Release.Build.0 = Release
	EndGlobalSection
	GlobalSection(ExtensibilityGlobals) = postSolution
	EndGlobalSection
	GlobalSection(ExtensibilityAddIns) = postSolution
	EndGlobalSection
EndGlobal
